
Microsoft Visual Studio Solution File, Format Version 12.00
# Visual Studio 15
VisualStudioVersion = 15.0.28307.1525
MinimumVisualStudioVersion = 10.0.40219.1
Project("{FAE04EC0-301F-11D3-BF4B-00C04F79EFBC}") = "CurrencyConverter", "CurrencyConverter\CurrencyConverter.csproj", "{1B7A4393-C7C2-4C50-A6E9-2EE33C6B2BDA}"
EndProject
Project("{FAE04EC0-301F-11D3-BF4B-00C04F79EFBC}") = "CurrencyConverter.Tests", "CurrencyConverter.Tests\CurrencyConverter.Tests.csproj", "{AE3136C4-24BF-482B-B7C3-612EFD584E82}"
EndProject
Global
	GlobalSection(SolutionConfigurationPlatforms) = preSolution
		Debug|Any CPU = Debug|Any CPU
		Release|Any CPU = Release|Any CPU
	EndGlobalSection
	GlobalSection(ProjectConfigurationPlatforms) = postSolution
		{1B7A4393-C7C2-4C50-A6E9-2EE33C6B2BDA}.Debug|Any CPU.ActiveCfg = Debug|Any CPU
		{1B7A4393-C7C2-4C50-A6E9-2EE33C6B2BDA}.Debug|Any CPU.Build.0 = Debug|Any CPU
		{1B7A4393-C7C2-4C50-A6E9-2EE33C6B2BDA}.Release|Any CPU.ActiveCfg = Release|Any CPU
		{1B7A4393-C7C2-4C50-A6E9-2EE33C6B2BDA}.Release|Any CPU.Build.0 = Release|Any CPU
		{AE3136C4-24BF-482B-B7C3-612EFD584E82}.Debug|Any CPU.ActiveCfg = Debug|Any CPU
		{AE3136C4-24BF-482B-B7C3-612EFD584E82}.Debug|Any CPU.Build.0 = Debug|Any CPU
		{AE3136C4-24BF-482B-B7C3-612EFD584E82}.Release|Any CPU.ActiveCfg = Release|Any CPU
		{AE3136C4-24BF-482B-B7C3-612EFD584E82}.Release|Any CPU.Build.0 = Release|Any CPU
	EndGlobalSection
	GlobalSection(SolutionProperties) = preSolution
		HideSolutionNode = FALSE
	EndGlobalSection
	GlobalSection(ExtensibilityGlobals) = postSolution
		SolutionGuid = {B871B955-D90E-4EE3-8EAA-9B7FA7E1EBE9}
	EndGlobalSection
EndGlobal
